
Microsoft Visual Studio Solution File, Format Version 12.00
# Visual Studio Version 17
VisualStudioVersion = 17.3.32929.385
MinimumVisualStudioVersion = 10.0.40219.1
Project("{FAE04EC0-301F-11D3-BF4B-00C04F79EFBC}") = "Luboyera_Joel_Tut1", "Luboyera_Joel_Tut1\Luboyera_Joel_Tut1.csproj", "{A4E62C95-9264-436A-95A5-C232EFFB1C0B}"
EndProject
Project("{FAE04EC0-301F-11D3-BF4B-00C04F79EFBC}") = "Arrays", "Arrays\Arrays.csproj", "{3343BE0C-BBF4-4E65-BEFC-60D33F81100B}"
EndProject
Project("{FAE04EC0-301F-11D3-BF4B-00C04F79EFBC}") = "Lists", "Lists\Lists.csproj", "{7CD4CCCA-5E25-431C-B4D0-BE835E839A85}"
EndProject
Project("{FAE04EC0-301F-11D3-BF4B-00C04F79EFBC}") = "IndexOf", "IndexOf\IndexOf.csproj", "{9942B342-9444-4418-B7A1-F5E7C1C3D006}"
EndProject
Project("{FAE04EC0-301F-11D3-BF4B-00C04F79EFBC}") = "Array_Clearing", "Array_Clearing\Array_Clearing.csproj", "{CFEBC006-91BC-4AE4-9AB0-D702A2EA87E0}"
EndProject
Project("{FAE04EC0-301F-11D3-BF4B-00C04F79EFBC}") = "Array_Reversal", "Array_Reversal\Array_Reversal.csproj", "{A610177C-2F86-4C8A-9905-DC710FDBB79F}"
EndProject
Project("{FAE04EC0-301F-11D3-BF4B-00C04F79EFBC}") = "Sort", "Sort\Sort.csproj", "{3DC73859-7427-4975-AA1D-124393E014BA}"
EndProject
Project("{FAE04EC0-301F-11D3-BF4B-00C04F79EFBC}") = "Exercise1", "Exercise\Exercise1.csproj", "{4066F27F-D8CB-4B52-869A-3F782A96418A}"
EndProject
Project("{FAE04EC0-301F-11D3-BF4B-00C04F79EFBC}") = "IsNullOrEmpty", "IsNullOrEmpty\IsNullOrEmpty.csproj", "{FC792A41-4255-4705-9B0C-318FF5AD93C3}"
EndProject
Project("{FAE04EC0-301F-11D3-BF4B-00C04F79EFBC}") = "Exercise2", "Exercise2\Exercise2.csproj", "{970BB179-B2D1-4568-85EB-0C8EA5150706}"
EndProject
Project("{FAE04EC0-301F-11D3-BF4B-00C04F79EFBC}") = "Dictionary", "Dictionary\Dictionary.csproj", "{AECC8C9D-AFC9-4E1D-A87D-F7B8D3C98F45}"
EndProject
Project("{FAE04EC0-301F-11D3-BF4B-00C04F79EFBC}") = "Odd_Even_Number_split_Exercise", "Odd_Even_Number_split_Exercise\Odd_Even_Number_split_Exercise.csproj", "{FA3774C8-4011-47B9-AF58-5FDC92E1738E}"
EndProject
Project("{FAE04EC0-301F-11D3-BF4B-00C04F79EFBC}") = "Array of Multiples Exercise", "Array of Multiples Exercise\Array of Multiples Exercise.csproj", "{20338528-093B-4CBF-983A-523AA4C566F7}"
EndProject
Project("{FAE04EC0-301F-11D3-BF4B-00C04F79EFBC}") = "Functions", "Functions\Functions.csproj", "{942A7431-40C8-4E93-804C-EB00B519A283}"
EndProject
Project("{FAE04EC0-301F-11D3-BF4B-00C04F79EFBC}") = "Void", "Void\Void.csproj", "{EAC6C712-D00D-4FAD-BAB3-76275FFF0C80}"
EndProject
Project("{FAE04EC0-301F-11D3-BF4B-00C04F79EFBC}") = "ReturnTypeFunction", "ReturnType\ReturnTypeFunction.csproj", "{EE560FD0-FB40-494E-9037-D5EB1C4DE391}"
EndProject
Project("{FAE04EC0-301F-11D3-BF4B-00C04F79EFBC}") = "Parameters", "Parameters\Parameters.csproj", "{EB439300-4EAD-4E93-BBBA-8E2F53B9034D}"
EndProject
Project("{FAE04EC0-301F-11D3-BF4B-00C04F79EFBC}") = "OptionalParameters", "OptionalParameters\OptionalParameters.csproj", "{AAA07289-8D85-4008-974C-791BEE7734CF}"
EndProject
Project("{FAE04EC0-301F-11D3-BF4B-00C04F79EFBC}") = "NamedParameters", "NamedParameters\NamedParameters.csproj", "{5EA78C4B-3DDC-418D-AC67-380E008BC2D0}"
EndProject
Project("{FAE04EC0-301F-11D3-BF4B-00C04F79EFBC}") = "Out_Parameters", "Out_Parameters\Out_Parameters.csproj", "{B6BB0BC0-3295-4116-97FB-0B793117BD86}"
EndProject
Project("{FAE04EC0-301F-11D3-BF4B-00C04F79EFBC}") = "Reference_Parameters", "Reference_Parameters\Reference_Parameters.csproj", "{7E3581BE-D4BE-4B26-9932-8019A7BB12AF}"
EndProject
Project("{FAE04EC0-301F-11D3-BF4B-00C04F79EFBC}") = "Exercise_Area_of_a_Triangle", "Exercise_Area_of_a_Triangle\Exercise_Area_of_a_Triangle.csproj", "{5E658914-654B-4196-8358-CE754084265A}"
EndProject
Project("{FAE04EC0-301F-11D3-BF4B-00C04F79EFBC}") = "Exercise Sum of int Array", "Exercise Sum of int Array\Exercise Sum of int Array.csproj", "{D2A8E5FF-62BA-4D17-A27C-EA07A5BF3596}"
EndProject
Global
	GlobalSection(SolutionConfigurationPlatforms) = preSolution
		Debug|Any CPU = Debug|Any CPU
		Release|Any CPU = Release|Any CPU
	EndGlobalSection
	GlobalSection(ProjectConfigurationPlatforms) = postSolution
		{A4E62C95-9264-436A-95A5-C232EFFB1C0B}.Debug|Any CPU.ActiveCfg = Debug|Any CPU
		{A4E62C95-9264-436A-95A5-C232EFFB1C0B}.Debug|Any CPU.Build.0 = Debug|Any CPU
		{A4E62C95-9264-436A-95A5-C232EFFB1C0B}.Release|Any CPU.ActiveCfg = Release|Any CPU
		{A4E62C95-9264-436A-95A5-C232EFFB1C0B}.Release|Any CPU.Build.0 = Release|Any CPU
		{3343BE0C-BBF4-4E65-BEFC-60D33F81100B}.Debug|Any CPU.ActiveCfg = Debug|Any CPU
		{3343BE0C-BBF4-4E65-BEFC-60D33F81100B}.Debug|Any CPU.Build.0 = Debug|Any CPU
		{3343BE0C-BBF4-4E65-BEFC-60D33F81100B}.Release|Any CPU.ActiveCfg = Release|Any CPU
		{3343BE0C-BBF4-4E65-BEFC-60D33F81100B}.Release|Any CPU.Build.0 = Release|Any CPU
		{7CD4CCCA-5E25-431C-B4D0-BE835E839A85}.Debug|Any CPU.ActiveCfg = Debug|Any CPU
		{7CD4CCCA-5E25-431C-B4D0-BE835E839A85}.Debug|Any CPU.Build.0 = Debug|Any CPU
		{7CD4CCCA-5E25-431C-B4D0-BE835E839A85}.Release|Any CPU.ActiveCfg = Release|Any CPU
		{7CD4CCCA-5E25-431C-B4D0-BE835E839A85}.Release|Any CPU.Build.0 = Release|Any CPU
		{9942B342-9444-4418-B7A1-F5E7C1C3D006}.Debug|Any CPU.ActiveCfg = Debug|Any CPU
		{9942B342-9444-4418-B7A1-F5E7C1C3D006}.Debug|Any CPU.Build.0 = Debug|Any CPU
		{9942B342-9444-4418-B7A1-F5E7C1C3D006}.Release|Any CPU.ActiveCfg = Release|Any CPU
		{9942B342-9444-4418-B7A1-F5E7C1C3D006}.Release|Any CPU.Build.0 = Release|Any CPU
		{CFEBC006-91BC-4AE4-9AB0-D702A2EA87E0}.Debug|Any CPU.ActiveCfg = Debug|Any CPU
		{CFEBC006-91BC-4AE4-9AB0-D702A2EA87E0}.Debug|Any CPU.Build.0 = Debug|Any CPU
		{CFEBC006-91BC-4AE4-9AB0-D702A2EA87E0}.Release|Any CPU.ActiveCfg = Release|Any CPU
		{CFEBC006-91BC-4AE4-9AB0-D702A2EA87E0}.Release|Any CPU.Build.0 = Release|Any CPU
		{A610177C-2F86-4C8A-9905-DC710FDBB79F}.Debug|Any CPU.ActiveCfg = Debug|Any CPU
		{A610177C-2F86-4C8A-9905-DC710FDBB79F}.Debug|Any CPU.Build.0 = Debug|Any CPU
		{A610177C-2F86-4C8A-9905-DC710FDBB79F}.Release|Any CPU.ActiveCfg = Release|Any CPU
		{A610177C-2F86-4C8A-9905-DC710FDBB79F}.Release|Any CPU.Build.0 = Release|Any CPU
		{3DC73859-7427-4975-AA1D-124393E014BA}.Debug|Any CPU.ActiveCfg = Debug|Any CPU
		{3DC73859-7427-4975-AA1D-124393E014BA}.Debug|Any CPU.Build.0 = Debug|Any CPU
		{3DC73859-7427-4975-AA1D-124393E014BA}.Release|Any CPU.ActiveCfg = Release|Any CPU
		{3DC73859-7427-4975-AA1D-124393E014BA}.Release|Any CPU.Build.0 = Release|Any CPU
		{4066F27F-D8CB-4B52-869A-3F782A96418A}.Debug|Any CPU.ActiveCfg = Debug|Any CPU
		{4066F27F-D8CB-4B52-869A-3F782A96418A}.Debug|Any CPU.Build.0 = Debug|Any CPU
		{4066F27F-D8CB-4B52-869A-3F782A96418A}.Release|Any CPU.ActiveCfg = Release|Any CPU
		{4066F27F-D8CB-4B52-869A-3F782A96418A}.Release|Any CPU.Build.0 = Release|Any CPU
		{FC792A41-4255-4705-9B0C-318FF5AD93C3}.Debug|Any CPU.ActiveCfg = Debug|Any CPU
		{FC792A41-4255-4705-9B0C-318FF5AD93C3}.Debug|Any CPU.Build.0 = Debug|Any CPU
		{FC792A41-4255-4705-9B0C-318FF5AD93C3}.Release|Any CPU.ActiveCfg = Release|Any CPU
		{FC792A41-4255-4705-9B0C-318FF5AD93C3}.Release|Any CPU.Build.0 = Release|Any CPU
		{970BB179-B2D1-4568-85EB-0C8EA5150706}.Debug|Any CPU.ActiveCfg = Debug|Any CPU
		{970BB179-B2D1-4568-85EB-0C8EA5150706}.Debug|Any CPU.Build.0 = Debug|Any CPU
		{970BB179-B2D1-4568-85EB-0C8EA5150706}.Release|Any CPU.ActiveCfg = Release|Any CPU
		{970BB179-B2D1-4568-85EB-0C8EA5150706}.Release|Any CPU.Build.0 = Release|Any CPU
		{AECC8C9D-AFC9-4E1D-A87D-F7B8D3C98F45}.Debug|Any CPU.ActiveCfg = Debug|Any CPU
		{AECC8C9D-AFC9-4E1D-A87D-F7B8D3C98F45}.Debug|Any CPU.Build.0 = Debug|Any CPU
		{AECC8C9D-AFC9-4E1D-A87D-F7B8D3C98F45}.Release|Any CPU.ActiveCfg = Release|Any CPU
		{AECC8C9D-AFC9-4E1D-A87D-F7B8D3C98F45}.Release|Any CPU.Build.0 = Release|Any CPU
		{FA3774C8-4011-47B9-AF58-5FDC92E1738E}.Debug|Any CPU.ActiveCfg = Debug|Any CPU
		{FA3774C8-4011-47B9-AF58-5FDC92E1738E}.Debug|Any CPU.Build.0 = Debug|Any CPU
		{FA3774C8-4011-47B9-AF58-5FDC92E1738E}.Release|Any CPU.ActiveCfg = Release|Any CPU
		{FA3774C8-4011-47B9-AF58-5FDC92E1738E}.Release|Any CPU.Build.0 = Release|Any CPU
		{20338528-093B-4CBF-983A-523AA4C566F7}.Debug|Any CPU.ActiveCfg = Debug|Any CPU
		{20338528-093B-4CBF-983A-523AA4C566F7}.Debug|Any CPU.Build.0 = Debug|Any CPU
		{20338528-093B-4CBF-983A-523AA4C566F7}.Release|Any CPU.ActiveCfg = Release|Any CPU
		{20338528-093B-4CBF-983A-523AA4C566F7}.Release|Any CPU.Build.0 = Release|Any CPU
		{942A7431-40C8-4E93-804C-EB00B519A283}.Debug|Any CPU.ActiveCfg = Debug|Any CPU
		{942A7431-40C8-4E93-804C-EB00B519A283}.Debug|Any CPU.Build.0 = Debug|Any CPU
		{942A7431-40C8-4E93-804C-EB00B519A283}.Release|Any CPU.ActiveCfg = Release|Any CPU
		{942A7431-40C8-4E93-804C-EB00B519A283}.Release|Any CPU.Build.0 = Release|Any CPU
		{EAC6C712-D00D-4FAD-BAB3-76275FFF0C80}.Debug|Any CPU.ActiveCfg = Debug|Any CPU
		{EAC6C712-D00D-4FAD-BAB3-76275FFF0C80}.Debug|Any CPU.Build.0 = Debug|Any CPU
		{EAC6C712-D00D-4FAD-BAB3-76275FFF0C80}.Release|Any CPU.ActiveCfg = Release|Any CPU
		{EAC6C712-D00D-4FAD-BAB3-76275FFF0C80}.Release|Any CPU.Build.0 = Release|Any CPU
		{EE560FD0-FB40-494E-9037-D5EB1C4DE391}.Debug|Any CPU.ActiveCfg = Debug|Any CPU
		{EE560FD0-FB40-494E-9037-D5EB1C4DE391}.Debug|Any CPU.Build.0 = Debug|Any CPU
		{EE560FD0-FB40-494E-9037-D5EB1C4DE391}.Release|Any CPU.ActiveCfg = Release|Any CPU
		{EE560FD0-FB40-494E-9037-D5EB1C4DE391}.Release|Any CPU.Build.0 = Release|Any CPU
		{EB439300-4EAD-4E93-BBBA-8E2F53B9034D}.Debug|Any CPU.ActiveCfg = Debug|Any CPU
		{EB439300-4EAD-4E93-BBBA-8E2F53B9034D}.Debug|Any CPU.Build.0 = Debug|Any CPU
		{EB439300-4EAD-4E93-BBBA-8E2F53B9034D}.Release|Any CPU.ActiveCfg = Release|Any CPU
		{EB439300-4EAD-4E93-BBBA-8E2F53B9034D}.Release|Any CPU.Build.0 = Release|Any CPU
		{AAA07289-8D85-4008-974C-791BEE7734CF}.Debug|Any CPU.ActiveCfg = Debug|Any CPU
		{AAA07289-8D85-4008-974C-791BEE7734CF}.Debug|Any CPU.Build.0 = Debug|Any CPU
		{AAA07289-8D85-4008-974C-791BEE7734CF}.Release|Any CPU.ActiveCfg = Release|Any CPU
		{AAA07289-8D85-4008-974C-791BEE7734CF}.Release|Any CPU.Build.0 = Release|Any CPU
		{5EA78C4B-3DDC-418D-AC67-380E008BC2D0}.Debug|Any CPU.ActiveCfg = Debug|Any CPU
		{5EA78C4B-3DDC-418D-AC67-380E008BC2D0}.Debug|Any CPU.Build.0 = Debug|Any CPU
		{5EA78C4B-3DDC-418D-AC67-380E008BC2D0}.Release|Any CPU.ActiveCfg = Release|Any CPU
		{5EA78C4B-3DDC-418D-AC67-380E008BC2D0}.Release|Any CPU.Build.0 = Release|Any CPU
		{B6BB0BC0-3295-4116-97FB-0B793117BD86}.Debug|Any CPU.ActiveCfg = Debug|Any CPU
		{B6BB0BC0-3295-4116-97FB-0B793117BD86}.Debug|Any CPU.Build.0 = Debug|Any CPU
		{B6BB0BC0-3295-4116-97FB-0B793117BD86}.Release|Any CPU.ActiveCfg = Release|Any CPU
		{B6BB0BC0-3295-4116-97FB-0B793117BD86}.Release|Any CPU.Build.0 = Release|Any CPU
		{7E3581BE-D4BE-4B26-9932-8019A7BB12AF}.Debug|Any CPU.ActiveCfg = Debug|Any CPU
		{7E3581BE-D4BE-4B26-9932-8019A7BB12AF}.Debug|Any CPU.Build.0 = Debug|Any CPU
		{7E3581BE-D4BE-4B26-9932-8019A7BB12AF}.Release|Any CPU.ActiveCfg = Release|Any CPU
		{7E3581BE-D4BE-4B26-9932-8019A7BB12AF}.Release|Any CPU.Build.0 = Release|Any CPU
		{5E658914-654B-4196-8358-CE754084265A}.Debug|Any CPU.ActiveCfg = Debug|Any CPU
		{5E658914-654B-4196-8358-CE754084265A}.Debug|Any CPU.Build.0 = Debug|Any CPU
		{5E658914-654B-4196-8358-CE754084265A}.Release|Any CPU.ActiveCfg = Release|Any CPU
		{5E658914-654B-4196-8358-CE754084265A}.Release|Any CPU.Build.0 = Release|Any CPU
		{D2A8E5FF-62BA-4D17-A27C-EA07A5BF3596}.Debug|Any CPU.ActiveCfg = Debug|Any CPU
		{D2A8E5FF-62BA-4D17-A27C-EA07A5BF3596}.Debug|Any CPU.Build.0 = Debug|Any CPU
		{D2A8E5FF-62BA-4D17-A27C-EA07A5BF3596}.Release|Any CPU.ActiveCfg = Release|Any CPU
		{D2A8E5FF-62BA-4D17-A27C-EA07A5BF3596}.Release|Any CPU.Build.0 = Release|Any CPU
	EndGlobalSection
	GlobalSection(SolutionProperties) = preSolution
		HideSolutionNode = FALSE
	EndGlobalSection
	GlobalSection(ExtensibilityGlobals) = postSolution
		SolutionGuid = {0A0847CC-627D-4464-AD0C-EC34B86F5D3F}
	EndGlobalSection
EndGlobal
